
Microsoft Visual Studio Solution File, Format Version 12.00
# Visual Studio 15
VisualStudioVersion = 15.0.28307.136
MinimumVisualStudioVersion = 10.0.40219.1
Project("{FAE04EC0-301F-11D3-BF4B-00C04F79EFBC}") = "7DaysToDieWorldUtil", "UtilityApp\7DaysToDieWorldUtil.csproj", "{D2DB978E-EB39-427B-9885-B0EC5FA09EB9}"
EndProject
Project("{FAE04EC0-301F-11D3-BF4B-00C04F79EFBC}") = "Library", "FreeImage.Net\Library\Library.csproj", "{6598A7CD-8F27-4D3F-A675-5AE63113A7C3}"
EndProject
Project("{FAE04EC0-301F-11D3-BF4B-00C04F79EFBC}") = "7DaysToDie.Lib", "7DaysToDie.Model\7DaysToDie.Lib.csproj", "{71A4A45D-2C64-4769-B2CC-45AE10F72946}"
EndProject
Project("{8BC9CEB8-8B4A-11D0-8D11-00A0C91BC942}") = "FastNoiseSIMD", "FastNoiseSIMD\FastNoiseSIMD.vcxproj", "{3B19AC63-CC16-44B1-A94B-DDA23032ACD4}"
EndProject
Global
	GlobalSection(SolutionConfigurationPlatforms) = preSolution
		Debug|x64 = Debug|x64
		Release|x64 = Release|x64
	EndGlobalSection
	GlobalSection(ProjectConfigurationPlatforms) = postSolution
		{D2DB978E-EB39-427B-9885-B0EC5FA09EB9}.Debug|x64.ActiveCfg = Debug|x64
		{D2DB978E-EB39-427B-9885-B0EC5FA09EB9}.Debug|x64.Build.0 = Debug|x64
		{D2DB978E-EB39-427B-9885-B0EC5FA09EB9}.Release|x64.ActiveCfg = Release|x64
		{D2DB978E-EB39-427B-9885-B0EC5FA09EB9}.Release|x64.Build.0 = Release|x64
		{6598A7CD-8F27-4D3F-A675-5AE63113A7C3}.Debug|x64.ActiveCfg = Debug|x64
		{6598A7CD-8F27-4D3F-A675-5AE63113A7C3}.Debug|x64.Build.0 = Debug|x64
		{6598A7CD-8F27-4D3F-A675-5AE63113A7C3}.Release|x64.ActiveCfg = Release|x64
		{6598A7CD-8F27-4D3F-A675-5AE63113A7C3}.Release|x64.Build.0 = Release|x64
		{71A4A45D-2C64-4769-B2CC-45AE10F72946}.Debug|x64.ActiveCfg = Debug|x64
		{71A4A45D-2C64-4769-B2CC-45AE10F72946}.Debug|x64.Build.0 = Debug|x64
		{71A4A45D-2C64-4769-B2CC-45AE10F72946}.Release|x64.ActiveCfg = Release|x64
		{71A4A45D-2C64-4769-B2CC-45AE10F72946}.Release|x64.Build.0 = Release|x64
		{3B19AC63-CC16-44B1-A94B-DDA23032ACD4}.Debug|x64.ActiveCfg = Debug|x64
		{3B19AC63-CC16-44B1-A94B-DDA23032ACD4}.Debug|x64.Build.0 = Debug|x64
		{3B19AC63-CC16-44B1-A94B-DDA23032ACD4}.Release|x64.ActiveCfg = Release|x64
		{3B19AC63-CC16-44B1-A94B-DDA23032ACD4}.Release|x64.Build.0 = Release|x64
	EndGlobalSection
	GlobalSection(SolutionProperties) = preSolution
		HideSolutionNode = FALSE
	EndGlobalSection
	GlobalSection(ExtensibilityGlobals) = postSolution
		SolutionGuid = {FB47F2BE-FCE8-4098-B5D7-A23B668F59A9}
	EndGlobalSection
EndGlobal
